
Microsoft Visual Studio Solution File, Format Version 12.00
# Visual Studio Version 16
VisualStudioVersion = 16.0.29424.173
MinimumVisualStudioVersion = 10.0.40219.1
Project("{FAE04EC0-301F-11D3-BF4B-00C04F79EFBC}") = "DelRecord", "DelRecord\DelRecord.csproj", "{59F99421-9C1B-4ACB-8F51-7B864008050B}"
EndProject
Project("{FAE04EC0-301F-11D3-BF4B-00C04F79EFBC}") = "DelCSV", "DelCSV\DelCSV.csproj", "{143D490B-E1FB-45B2-90EA-0D87C91669F2}"
EndProject
Project("{FAE04EC0-301F-11D3-BF4B-00C04F79EFBC}") = "DelImage", "DelImage\DelImage.csproj", "{4D9B99C9-CE4B-421F-894F-F377A9C8AC3F}"
EndProject
Global
	GlobalSection(SolutionConfigurationPlatforms) = preSolution
		Debug|Any CPU = Debug|Any CPU
		Release|Any CPU = Release|Any CPU
	EndGlobalSection
	GlobalSection(ProjectConfigurationPlatforms) = postSolution
		{59F99421-9C1B-4ACB-8F51-7B864008050B}.Debug|Any CPU.ActiveCfg = Debug|Any CPU
		{59F99421-9C1B-4ACB-8F51-7B864008050B}.Debug|Any CPU.Build.0 = Debug|Any CPU
		{59F99421-9C1B-4ACB-8F51-7B864008050B}.Release|Any CPU.ActiveCfg = Release|Any CPU
		{59F99421-9C1B-4ACB-8F51-7B864008050B}.Release|Any CPU.Build.0 = Release|Any CPU
		{143D490B-E1FB-45B2-90EA-0D87C91669F2}.Debug|Any CPU.ActiveCfg = Debug|Any CPU
		{143D490B-E1FB-45B2-90EA-0D87C91669F2}.Debug|Any CPU.Build.0 = Debug|Any CPU
		{143D490B-E1FB-45B2-90EA-0D87C91669F2}.Release|Any CPU.ActiveCfg = Release|Any CPU
		{143D490B-E1FB-45B2-90EA-0D87C91669F2}.Release|Any CPU.Build.0 = Release|Any CPU
		{4D9B99C9-CE4B-421F-894F-F377A9C8AC3F}.Debug|Any CPU.ActiveCfg = Debug|Any CPU
		{4D9B99C9-CE4B-421F-894F-F377A9C8AC3F}.Debug|Any CPU.Build.0 = Debug|Any CPU
		{4D9B99C9-CE4B-421F-894F-F377A9C8AC3F}.Release|Any CPU.ActiveCfg = Release|Any CPU
		{4D9B99C9-CE4B-421F-894F-F377A9C8AC3F}.Release|Any CPU.Build.0 = Release|Any CPU
	EndGlobalSection
	GlobalSection(SolutionProperties) = preSolution
		HideSolutionNode = FALSE
	EndGlobalSection
	GlobalSection(ExtensibilityGlobals) = postSolution
		SolutionGuid = {73AADB5F-1EF6-4B8B-B68C-50A75D472068}
	EndGlobalSection
EndGlobal
